Microsoft Visual Studio Solution File, Format Version 12.00
# Visual Studio Version 17
VisualStudioVersion = 17.5.2.0
MinimumVisualStudioVersion = 10.0.40219.1
Project("{FAE04EC0-301F-11D3-BF4B-00C04F79EFBC}") = "1-23-2025", "1-23-2025\1-23-2025.csproj", "{1434CFEB-A8D6-F411-FD27-4B21B51B250A}"
EndProject
Project("{2150E333-8FDC-42A3-9474-1A3956D46DE8}") = "1-23-2025", "1-23-2025", "{ED3EF4B0-BB48-4E9D-9BBD-8D200D9B222C}"
EndProject
Project("{FAE04EC0-301F-11D3-BF4B-00C04F79EFBC}") = "example2", "1-23-2025\example2\example2.csproj", "{56952E9E-4AAE-4F80-A590-759FBF7089CA}"
EndProject
Project("{FAE04EC0-301F-11D3-BF4B-00C04F79EFBC}") = "example3", "1-23-2025\example3\example3.csproj", "{6FC45433-A4E8-484A-8589-6DF71DF90B52}"
EndProject
Project("{2150E333-8FDC-42A3-9474-1A3956D46DE8}") = "1-28-2025", "1-28-2025", "{311C1AAF-C9A6-43BF-ADA4-9B96A89B5A11}"
EndProject
Project("{FAE04EC0-301F-11D3-BF4B-00C04F79EFBC}") = "Example1", "1-28-2025\Example1\Example1.csproj", "{764ADF9A-443A-45BB-9444-F4924B23CF4E}"
EndProject
Project("{2150E333-8FDC-42A3-9474-1A3956D46DE8}") = "1-30-2025", "1-30-2025", "{24524505-3678-4939-B934-2311B0DB0330}"
EndProject
Project("{FAE04EC0-301F-11D3-BF4B-00C04F79EFBC}") = "Example1", "1-30-2025\Example1\Example1.csproj", "{5BFF000B-B3CE-4BC5-89D3-7B470815EDBF}"
EndProject
Project("{2150E333-8FDC-42A3-9474-1A3956D46DE8}") = "2-4-2025", "2-4-2025", "{3CD5A271-3C75-493D-8687-691B1BFCDFB5}"
EndProject
Project("{FAE04EC0-301F-11D3-BF4B-00C04F79EFBC}") = "Example1", "2-4-2025\Example1\Example1.csproj", "{2D640A59-4E84-4D09-A2F7-588ECE1ABA3D}"
EndProject
Project("{FAE04EC0-301F-11D3-BF4B-00C04F79EFBC}") = "Example2", "2-4-2025\Example2\Example2.csproj", "{C92399AA-A811-4DAE-89F0-5FCC4450DF4D}"
EndProject
Project("{2150E333-8FDC-42A3-9474-1A3956D46DE8}") = "2-6-2025", "2-6-2025", "{41E03504-E845-466E-834D-06709AE5081F}"
EndProject
Project("{FAE04EC0-301F-11D3-BF4B-00C04F79EFBC}") = "Example1", "2-6-2025\Example1\Example1.csproj", "{11B98ED3-DB73-4203-B07B-CEFA56B259AD}"
EndProject
Global
	GlobalSection(SolutionConfigurationPlatforms) = preSolution
		Debug|Any CPU = Debug|Any CPU
		Release|Any CPU = Release|Any CPU
	EndGlobalSection
	GlobalSection(ProjectConfigurationPlatforms) = postSolution
		{1434CFEB-A8D6-F411-FD27-4B21B51B250A}.Debug|Any CPU.ActiveCfg = Debug|Any CPU
		{1434CFEB-A8D6-F411-FD27-4B21B51B250A}.Debug|Any CPU.Build.0 = Debug|Any CPU
		{1434CFEB-A8D6-F411-FD27-4B21B51B250A}.Release|Any CPU.ActiveCfg = Release|Any CPU
		{1434CFEB-A8D6-F411-FD27-4B21B51B250A}.Release|Any CPU.Build.0 = Release|Any CPU
		{56952E9E-4AAE-4F80-A590-759FBF7089CA}.Debug|Any CPU.ActiveCfg = Debug|Any CPU
		{56952E9E-4AAE-4F80-A590-759FBF7089CA}.Debug|Any CPU.Build.0 = Debug|Any CPU
		{56952E9E-4AAE-4F80-A590-759FBF7089CA}.Release|Any CPU.ActiveCfg = Release|Any CPU
		{56952E9E-4AAE-4F80-A590-759FBF7089CA}.Release|Any CPU.Build.0 = Release|Any CPU
		{6FC45433-A4E8-484A-8589-6DF71DF90B52}.Debug|Any CPU.ActiveCfg = Debug|Any CPU
		{6FC45433-A4E8-484A-8589-6DF71DF90B52}.Debug|Any CPU.Build.0 = Debug|Any CPU
		{6FC45433-A4E8-484A-8589-6DF71DF90B52}.Release|Any CPU.ActiveCfg = Release|Any CPU
		{6FC45433-A4E8-484A-8589-6DF71DF90B52}.Release|Any CPU.Build.0 = Release|Any CPU
		{764ADF9A-443A-45BB-9444-F4924B23CF4E}.Debug|Any CPU.ActiveCfg = Debug|Any CPU
		{764ADF9A-443A-45BB-9444-F4924B23CF4E}.Debug|Any CPU.Build.0 = Debug|Any CPU
		{764ADF9A-443A-45BB-9444-F4924B23CF4E}.Release|Any CPU.ActiveCfg = Release|Any CPU
		{764ADF9A-443A-45BB-9444-F4924B23CF4E}.Release|Any CPU.Build.0 = Release|Any CPU
		{5BFF000B-B3CE-4BC5-89D3-7B470815EDBF}.Debug|Any CPU.ActiveCfg = Debug|Any CPU
		{5BFF000B-B3CE-4BC5-89D3-7B470815EDBF}.Debug|Any CPU.Build.0 = Debug|Any CPU
		{5BFF000B-B3CE-4BC5-89D3-7B470815EDBF}.Release|Any CPU.ActiveCfg = Release|Any CPU
		{5BFF000B-B3CE-4BC5-89D3-7B470815EDBF}.Release|Any CPU.Build.0 = Release|Any CPU
		{2D640A59-4E84-4D09-A2F7-588ECE1ABA3D}.Debug|Any CPU.ActiveCfg = Debug|Any CPU
		{2D640A59-4E84-4D09-A2F7-588ECE1ABA3D}.Debug|Any CPU.Build.0 = Debug|Any CPU
		{2D640A59-4E84-4D09-A2F7-588ECE1ABA3D}.Release|Any CPU.ActiveCfg = Release|Any CPU
		{2D640A59-4E84-4D09-A2F7-588ECE1ABA3D}.Release|Any CPU.Build.0 = Release|Any CPU
		{C92399AA-A811-4DAE-89F0-5FCC4450DF4D}.Debug|Any CPU.ActiveCfg = Debug|Any CPU
		{C92399AA-A811-4DAE-89F0-5FCC4450DF4D}.Debug|Any CPU.Build.0 = Debug|Any CPU
		{C92399AA-A811-4DAE-89F0-5FCC4450DF4D}.Release|Any CPU.ActiveCfg = Release|Any CPU
		{C92399AA-A811-4DAE-89F0-5FCC4450DF4D}.Release|Any CPU.Build.0 = Release|Any CPU
		{11B98ED3-DB73-4203-B07B-CEFA56B259AD}.Debug|Any CPU.ActiveCfg = Debug|Any CPU
		{11B98ED3-DB73-4203-B07B-CEFA56B259AD}.Debug|Any CPU.Build.0 = Debug|Any CPU
		{11B98ED3-DB73-4203-B07B-CEFA56B259AD}.Release|Any CPU.ActiveCfg = Release|Any CPU
		{11B98ED3-DB73-4203-B07B-CEFA56B259AD}.Release|Any CPU.Build.0 = Release|Any CPU
	EndGlobalSection
	GlobalSection(SolutionProperties) = preSolution
		HideSolutionNode = FALSE
	EndGlobalSection
	GlobalSection(ExtensibilityGlobals) = postSolution
		SolutionGuid = {7AE38872-7C97-4BF5-B3D9-EE0FF76606A9}
	EndGlobalSection
	GlobalSection(NestedProjects) = preSolution
		{1434CFEB-A8D6-F411-FD27-4B21B51B250A} = {ED3EF4B0-BB48-4E9D-9BBD-8D200D9B222C}
		{56952E9E-4AAE-4F80-A590-759FBF7089CA} = {ED3EF4B0-BB48-4E9D-9BBD-8D200D9B222C}
		{6FC45433-A4E8-484A-8589-6DF71DF90B52} = {ED3EF4B0-BB48-4E9D-9BBD-8D200D9B222C}
		{764ADF9A-443A-45BB-9444-F4924B23CF4E} = {311C1AAF-C9A6-43BF-ADA4-9B96A89B5A11}
		{5BFF000B-B3CE-4BC5-89D3-7B470815EDBF} = {24524505-3678-4939-B934-2311B0DB0330}
		{2D640A59-4E84-4D09-A2F7-588ECE1ABA3D} = {3CD5A271-3C75-493D-8687-691B1BFCDFB5}
		{C92399AA-A811-4DAE-89F0-5FCC4450DF4D} = {3CD5A271-3C75-493D-8687-691B1BFCDFB5}
		{11B98ED3-DB73-4203-B07B-CEFA56B259AD} = {41E03504-E845-466E-834D-06709AE5081F}
	EndGlobalSection
EndGlobal
